
Microsoft Visual Studio Solution File, Format Version 12.00
# Visual Studio Version 17
VisualStudioVersion = 17.0.31903.59
MinimumVisualStudioVersion = 10.0.40219.1
Project("{FAE04EC0-301F-11D3-BF4B-00C04F79EFBC}") = "SportsStore", "SportsStore\SportsStore.csproj", "{2E95A516-D3CE-47A5-AF04-1C043E1D9A21}"
EndProject
Project("{FAE04EC0-301F-11D3-BF4B-00C04F79EFBC}") = "SportsStore.Tests", "SportsStore.Tests\SportsStore.Tests.csproj", "{BE5F0DCE-3749-4AB3-B0C4-9013352FFC02}"
EndProject
Global
	GlobalSection(SolutionConfigurationPlatforms) = preSolution
		Debug|Any CPU = Debug|Any CPU
		Release|Any CPU = Release|Any CPU
	EndGlobalSection
	GlobalSection(SolutionProperties) = preSolution
		HideSolutionNode = FALSE
	EndGlobalSection
	GlobalSection(ProjectConfigurationPlatforms) = postSolution
		{2E95A516-D3CE-47A5-AF04-1C043E1D9A21}.Debug|Any CPU.ActiveCfg = Debug|Any CPU
		{2E95A516-D3CE-47A5-AF04-1C043E1D9A21}.Debug|Any CPU.Build.0 = Debug|Any CPU
		{2E95A516-D3CE-47A5-AF04-1C043E1D9A21}.Release|Any CPU.ActiveCfg = Release|Any CPU
		{2E95A516-D3CE-47A5-AF04-1C043E1D9A21}.Release|Any CPU.Build.0 = Release|Any CPU
		{BE5F0DCE-3749-4AB3-B0C4-9013352FFC02}.Debug|Any CPU.ActiveCfg = Debug|Any CPU
		{BE5F0DCE-3749-4AB3-B0C4-9013352FFC02}.Debug|Any CPU.Build.0 = Debug|Any CPU
		{BE5F0DCE-3749-4AB3-B0C4-9013352FFC02}.Release|Any CPU.ActiveCfg = Release|Any CPU
		{BE5F0DCE-3749-4AB3-B0C4-9013352FFC02}.Release|Any CPU.Build.0 = Release|Any CPU
	EndGlobalSection
EndGlobal
